<?xml version="1.0" encoding="utf-8"?>
<Project ToolsVersion="4.0" xmlns="http://schemas.microsoft.com/developer/msbuild/2003">
  <ItemGroup>
    <Filter Include="소스 파일">
      <UniqueIdentifier>{4FC737F1-C7A5-4376-A066-2A32D752A2FF}</UniqueIdentifier>
      <Extensions>cpp;c;cc;cxx;def;odl;idl;hpj;bat;asm;asmx</Extensions>
    </Filter>
    <Filter Include="헤더 파일">
      <UniqueIdentifier>{93995380-89BD-4b04-88EB-625FBE52EBFB}</UniqueIdentifier>
      <Extensions>h;hh;hpp;hxx;hm;inl;inc;ipp;xsd</Extensions>
    </Filter>
    <Filter Include="GameFramework2D">
      <UniqueIdentifier>{9fbd4086-f21e-4a3b-b3d1-8ac4c5f5fa1b}</UniqueIdentifier>
    </Filter>
    <Filter Include="GameFramework2D\매니져">
      <UniqueIdentifier>{5ce72af8-e27e-4d87-81a9-202553e2a4fc}</UniqueIdentifier>
    </Filter>
    <Filter Include="MainGame">
      <UniqueIdentifier>{0197a609-4f17-4b09-bb41-10cc33d95d87}</UniqueIdentifier>
    </Filter>
    <Filter Include="GameFramework2D\유틸">
      <UniqueIdentifier>{0e047507-cff2-4a5e-8198-0c562e8e0211}</UniqueIdentifier>
    </Filter>
    <Filter Include="GameFramework2D\이미지">
      <UniqueIdentifier>{1851a966-ba68-4f2f-8ebc-640729b7e225}</UniqueIdentifier>
    </Filter>
    <Filter Include="GameFramework2D\총알">
      <UniqueIdentifier>{b9eb04df-28c2-4810-892e-c2bfca8911fd}</UniqueIdentifier>
    </Filter>
    <Filter Include="GameFramework2D\체력바">
      <UniqueIdentifier>{12820852-848e-426e-b34d-d60a72e5a7af}</UniqueIdentifier>
    </Filter>
    <Filter Include="GameFramework2D\싱글톤데이터">
      <UniqueIdentifier>{0907fac4-7887-455d-8abc-2590cc570031}</UniqueIdentifier>
    </Filter>
    <Filter Include="GameFramework2D\TXT데이터">
      <UniqueIdentifier>{c7b77e10-66df-4946-85ec-070152a53f5e}</UniqueIdentifier>
    </Filter>
    <Filter Include="GameFramework2D\INI데이터">
      <UniqueIdentifier>{b269c6d2-905b-4bff-b4a2-7b39f1eb1954}</UniqueIdentifier>
    </Filter>
    <Filter Include="WinMain">
      <UniqueIdentifier>{4a79707c-1728-49f2-ba7d-dc17dad14387}</UniqueIdentifier>
    </Filter>
    <Filter Include="GameFramework2D\로딩">
      <UniqueIdentifier>{fb808856-b378-426f-9374-63caea3bdcda}</UniqueIdentifier>
    </Filter>
    <Filter Include="GameFramework2D\애니메이션">
      <UniqueIdentifier>{41fc2961-d655-4f1e-a9b7-4a4926ad3980}</UniqueIdentifier>
    </Filter>
    <Filter Include="GameFramework2D\이펙트">
      <UniqueIdentifier>{71c9ef92-de11-4d77-a74a-2817260b208f}</UniqueIdentifier>
    </Filter>
    <Filter Include="GameFramework2D\아이콘이미지">
      <UniqueIdentifier>{29eb5756-f3a3-453b-9aa3-b90a535fac3d}</UniqueIdentifier>
    </Filter>
    <Filter Include="GameFramework2D\GDI">
      <UniqueIdentifier>{a3467bac-c1f3-4590-b965-9d968f23ff3d}</UniqueIdentifier>
    </Filter>
    <Filter Include="MainGame\라비리비라비리비">
      <UniqueIdentifier>{86acd972-5a45-4704-acac-6407959fcc28}</UniqueIdentifier>
    </Filter>
    <Filter Include="MainGame\라비리비라비리비\로딩씬">
      <UniqueIdentifier>{91cc2c75-5bd9-4b03-91ae-cc0a8f51d48d}</UniqueIdentifier>
    </Filter>
    <Filter Include="MainGame\라비리비라비리비\스타트씬">
      <UniqueIdentifier>{dbd11ca4-895b-4a59-8862-aebdf3746705}</UniqueIdentifier>
    </Filter>
    <Filter Include="MainGame\라비리비라비리비\메인메뉴씬">
      <UniqueIdentifier>{5ee50b7f-7db6-4430-9f35-1cdd4592494f}</UniqueIdentifier>
    </Filter>
    <Filter Include="MainGame\라비리비라비리비\맵툴씬">
      <UniqueIdentifier>{95e1ead3-decf-490e-9d99-78211d0d6f14}</UniqueIdentifier>
    </Filter>
    <Filter Include="MainGame\라비리비라비리비\배경선택씬">
      <UniqueIdentifier>{d5ee3f33-ffef-42cf-bd26-cfd01cc0e571}</UniqueIdentifier>
    </Filter>
    <Filter Include="MainGame\라비리비라비리비\만든매니저">
      <UniqueIdentifier>{26daa2a9-413f-4e8f-b963-7d681e62946b}</UniqueIdentifier>
    </Filter>
    <Filter Include="MainGame\라비리비라비리비\player%28rabiribi%29">
      <UniqueIdentifier>{ac92ebde-e001-4b5e-ac1f-6336fd7c7d83}</UniqueIdentifier>
    </Filter>
    <Filter Include="MainGame\라비리비라비리비\enemy%28rabiribi%29">
      <UniqueIdentifier>{12d935e5-1b16-4f75-9f89-6fd30a58c21d}</UniqueIdentifier>
    </Filter>
    <Filter Include="MainGame\라비리비라비리비\맵관리">
      <UniqueIdentifier>{95aec1d8-0599-4cd3-98a0-67fab0416404}</UniqueIdentifier>
    </Filter>
    <Filter Include="MainGame\라비리비라비리비\스테이지">
      <UniqueIdentifier>{8d62d527-a172-478f-8cc6-df28618492a3}</UniqueIdentifier>
    </Filter>
    <Filter Include="MainGame\라비리비라비리비\스테이지%28보스%29">
      <UniqueIdentifier>{5ef48ddf-3d52-460e-af6a-c235abc453a0}</UniqueIdentifier>
    </Filter>
    <Filter Include="MainGame\라비리비라비리비\라비라비bullet">
      <UniqueIdentifier>{c9793090-1cd0-46ef-afe9-ee2dcd5cc62a}</UniqueIdentifier>
    </Filter>
    <Filter Include="MainGame\라비리비라비리비\enemy%28rabiribi%29\boss">
      <UniqueIdentifier>{d4a79da8-4bbc-4eb8-989f-03a031cc6a0f}</UniqueIdentifier>
    </Filter>
    <Filter Include="MainGame\라비리비라비리비\UI">
      <UniqueIdentifier>{a4d55abb-3d5e-45dc-8ed6-6df37637a649}</UniqueIdentifier>
    </Filter>
  </ItemGroup>
  <ItemGroup>
    <ClInclude Include="commonMacroFunction.h">
      <Filter>GameFramework2D\유틸</Filter>
    </ClInclude>
    <ClInclude Include="mainGame.h">
      <Filter>MainGame</Filter>
    </ClInclude>
    <ClInclude Include="singletonBase.h">
      <Filter>GameFramework2D\매니져</Filter>
    </ClInclude>
    <ClInclude Include="keyManager.h">
      <Filter>GameFramework2D\매니져</Filter>
    </ClInclude>
    <ClInclude Include="gameNode.h">
      <Filter>WinMain</Filter>
    </ClInclude>
    <ClInclude Include="stdafx.h">
      <Filter>WinMain</Filter>
    </ClInclude>
    <ClInclude Include="randomFunction.h">
      <Filter>GameFramework2D\유틸</Filter>
    </ClInclude>
    <ClInclude Include="image.h">
      <Filter>GameFramework2D\이미지</Filter>
    </ClInclude>
    <ClInclude Include="imageManager.h">
      <Filter>GameFramework2D\매니져</Filter>
    </ClInclude>
    <ClInclude Include="util.h">
      <Filter>GameFramework2D\유틸</Filter>
    </ClInclude>
    <ClInclude Include="bullet.h">
      <Filter>GameFramework2D\총알</Filter>
    </ClInclude>
    <ClInclude Include="progressBar.h">
      <Filter>GameFramework2D\체력바</Filter>
    </ClInclude>
    <ClInclude Include="saveData.h">
      <Filter>GameFramework2D\싱글톤데이터</Filter>
    </ClInclude>
    <ClInclude Include="txtData.h">
      <Filter>GameFramework2D\TXT데이터</Filter>
    </ClInclude>
    <ClInclude Include="sceneManager.h">
      <Filter>GameFramework2D\매니져</Filter>
    </ClInclude>
    <ClInclude Include="iniData.h">
      <Filter>GameFramework2D\INI데이터</Filter>
    </ClInclude>
    <ClInclude Include="loading.h">
      <Filter>GameFramework2D\로딩</Filter>
    </ClInclude>
    <ClInclude Include="timeManager.h">
      <Filter>GameFramework2D\매니져</Filter>
    </ClInclude>
    <ClInclude Include="soundManager.h">
      <Filter>GameFramework2D\매니져</Filter>
    </ClInclude>
    <ClInclude Include="animation.h">
      <Filter>GameFramework2D\애니메이션</Filter>
    </ClInclude>
    <ClInclude Include="effect.h">
      <Filter>GameFramework2D\이펙트</Filter>
    </ClInclude>
    <ClInclude Include="effectManager.h">
      <Filter>GameFramework2D\매니져</Filter>
    </ClInclude>
    <ClInclude Include="loadingScene1.h">
      <Filter>MainGame\라비리비라비리비\로딩씬</Filter>
    </ClInclude>
    <ClInclude Include="startScene1.h">
      <Filter>MainGame\라비리비라비리비\스타트씬</Filter>
    </ClInclude>
    <ClInclude Include="resource.h">
      <Filter>GameFramework2D\아이콘이미지</Filter>
    </ClInclude>
    <ClInclude Include="gdipManager.h">
      <Filter>GameFramework2D\GDI</Filter>
    </ClInclude>
    <ClInclude Include="gdipimage.h">
      <Filter>GameFramework2D\GDI</Filter>
    </ClInclude>
    <ClInclude Include="mainMenuScene.h">
      <Filter>MainGame\라비리비라비리비\메인메뉴씬</Filter>
    </ClInclude>
    <ClInclude Include="mapToolScene1.h">
      <Filter>MainGame\라비리비라비리비\맵툴씬</Filter>
    </ClInclude>
    <ClInclude Include="tileNode.h">
      <Filter>MainGame\라비리비라비리비\맵툴씬</Filter>
    </ClInclude>
    <ClInclude Include="bgChoiceScene1.h">
      <Filter>MainGame\라비리비라비리비\배경선택씬</Filter>
    </ClInclude>
    <ClInclude Include="yerinaT.h">
      <Filter>MainGame\라비리비라비리비\player%28rabiribi%29</Filter>
    </ClInclude>
    <ClInclude Include="stage1_SceneT.h">
      <Filter>MainGame\라비리비라비리비\스테이지</Filter>
    </ClInclude>
    <ClInclude Include="cameraManager1.h">
      <Filter>MainGame\라비리비라비리비\만든매니저</Filter>
    </ClInclude>
    <ClInclude Include="rabiribiBullet.h">
      <Filter>MainGame\라비리비라비리비\라비라비bullet</Filter>
    </ClInclude>
    <ClInclude Include="enemyFactory.h">
      <Filter>MainGame\라비리비라비리비\enemy%28rabiribi%29</Filter>
    </ClInclude>
    <ClInclude Include="RBenemy.h">
      <Filter>MainGame\라비리비라비리비\enemy%28rabiribi%29</Filter>
    </ClInclude>
    <ClInclude Include="RBenemyManager.h">
      <Filter>MainGame\라비리비라비리비\enemy%28rabiribi%29</Filter>
    </ClInclude>
    <ClInclude Include="stage_MAPt.h">
      <Filter>MainGame\라비리비라비리비\맵관리</Filter>
    </ClInclude>
    <ClInclude Include="BGManager.h">
      <Filter>MainGame\라비리비라비리비\만든매니저</Filter>
    </ClInclude>
    <ClInclude Include="stage1_1_SceneT.h">
      <Filter>MainGame\라비리비라비리비\스테이지</Filter>
    </ClInclude>
    <ClInclude Include="stage1_2_SceneT.h">
      <Filter>MainGame\라비리비라비리비\스테이지</Filter>
    </ClInclude>
    <ClInclude Include="stage1_3_SceneT.h">
      <Filter>MainGame\라비리비라비리비\스테이지</Filter>
    </ClInclude>
    <ClInclude Include="town_SceneT.h">
      <Filter>MainGame\라비리비라비리비\스테이지</Filter>
    </ClInclude>
    <ClInclude Include="stage1_Boss_Scene.h">
      <Filter>MainGame\라비리비라비리비\스테이지%28보스%29</Filter>
    </ClInclude>
    <ClInclude Include="RBboss.h">
      <Filter>MainGame\라비리비라비리비\enemy%28rabiribi%29\boss</Filter>
    </ClInclude>
    <ClInclude Include="UIT.h">
      <Filter>MainGame\라비리비라비리비\UI</Filter>
    </ClInclude>
    <ClInclude Include="stage1_clear_Scene.h">
      <Filter>MainGame\라비리비라비리비\스테이지</Filter>
    </ClInclude>
    <ClInclude Include="ribbonT.h">
      <Filter>MainGame\라비리비라비리비\player%28rabiribi%29</Filter>
    </ClInclude>
    <ClInclude Include="stage2_1_SceneT.h">
      <Filter>MainGame\라비리비라비리비\스테이지</Filter>
    </ClInclude>
    <ClInclude Include="stage_FinalBoss_Scene.h">
      <Filter>MainGame\라비리비라비리비\스테이지%28보스%29</Filter>
    </ClInclude>
    <ClInclude Include="stage2_clear_Scene.h">
      <Filter>MainGame\라비리비라비리비\스테이지</Filter>
    </ClInclude>
    <ClInclude Include="testtttttt.h">
      <Filter>헤더 파일</Filter>
    </ClInclude>
  </ItemGroup>
  <ItemGroup>
    <ClCompile Include="stdafx.cpp">
      <Filter>WinMain</Filter>
    </ClCompile>
    <ClCompile Include="winMain.cpp">
      <Filter>WinMain</Filter>
    </ClCompile>
    <ClCompile Include="mainGame.cpp">
      <Filter>MainGame</Filter>
    </ClCompile>
    <ClCompile Include="keyManager.cpp">
      <Filter>GameFramework2D\매니져</Filter>
    </ClCompile>
    <ClCompile Include="gameNode.cpp">
      <Filter>WinMain</Filter>
    </ClCompile>
    <ClCompile Include="image.cpp">
      <Filter>GameFramework2D\이미지</Filter>
    </ClCompile>
    <ClCompile Include="imageManager.cpp">
      <Filter>GameFramework2D\매니져</Filter>
    </ClCompile>
    <ClCompile Include="util.cpp">
      <Filter>GameFramework2D\유틸</Filter>
    </ClCompile>
    <ClCompile Include="bullet.cpp">
      <Filter>GameFramework2D\총알</Filter>
    </ClCompile>
    <ClCompile Include="progressBar.cpp">
      <Filter>GameFramework2D\체력바</Filter>
    </ClCompile>
    <ClCompile Include="saveData.cpp">
      <Filter>GameFramework2D\싱글톤데이터</Filter>
    </ClCompile>
    <ClCompile Include="txtData.cpp">
      <Filter>GameFramework2D\TXT데이터</Filter>
    </ClCompile>
    <ClCompile Include="sceneManager.cpp">
      <Filter>GameFramework2D\매니져</Filter>
    </ClCompile>
    <ClCompile Include="iniData.cpp">
      <Filter>GameFramework2D\INI데이터</Filter>
    </ClCompile>
    <ClCompile Include="loading.cpp">
      <Filter>GameFramework2D\로딩</Filter>
    </ClCompile>
    <ClCompile Include="timeManager.cpp">
      <Filter>GameFramework2D\매니져</Filter>
    </ClCompile>
    <ClCompile Include="soundManager.cpp">
      <Filter>GameFramework2D\매니져</Filter>
    </ClCompile>
    <ClCompile Include="animation.cpp">
      <Filter>GameFramework2D\애니메이션</Filter>
    </ClCompile>
    <ClCompile Include="effect.cpp">
      <Filter>GameFramework2D\이펙트</Filter>
    </ClCompile>
    <ClCompile Include="effectManager.cpp">
      <Filter>GameFramework2D\매니져</Filter>
    </ClCompile>
    <ClCompile Include="loadingScene1.cpp">
      <Filter>MainGame\라비리비라비리비\로딩씬</Filter>
    </ClCompile>
    <ClCompile Include="startScene1.cpp">
      <Filter>MainGame\라비리비라비리비\스타트씬</Filter>
    </ClCompile>
    <ClCompile Include="gdipManager.cpp">
      <Filter>GameFramework2D\GDI</Filter>
    </ClCompile>
    <ClCompile Include="gdipimage.cpp">
      <Filter>GameFramework2D\GDI</Filter>
    </ClCompile>
    <ClCompile Include="mainMenuScene.cpp">
      <Filter>MainGame\라비리비라비리비\메인메뉴씬</Filter>
    </ClCompile>
    <ClCompile Include="mapToolScene1.cpp">
      <Filter>MainGame\라비리비라비리비\맵툴씬</Filter>
    </ClCompile>
    <ClCompile Include="bgChoiceScene1.cpp">
      <Filter>MainGame\라비리비라비리비\배경선택씬</Filter>
    </ClCompile>
    <ClCompile Include="yerinaT.cpp">
      <Filter>MainGame\라비리비라비리비\player%28rabiribi%29</Filter>
    </ClCompile>
    <ClCompile Include="stage1_SceneT.cpp">
      <Filter>MainGame\라비리비라비리비\스테이지</Filter>
    </ClCompile>
    <ClCompile Include="cameraManager1.cpp">
      <Filter>MainGame\라비리비라비리비\만든매니저</Filter>
    </ClCompile>
    <ClCompile Include="rabiribiBullet.cpp">
      <Filter>MainGame\라비리비라비리비\라비라비bullet</Filter>
    </ClCompile>
    <ClCompile Include="enemyFactory.cpp">
      <Filter>MainGame\라비리비라비리비\enemy%28rabiribi%29</Filter>
    </ClCompile>
    <ClCompile Include="RBenemy.cpp">
      <Filter>MainGame\라비리비라비리비\enemy%28rabiribi%29</Filter>
    </ClCompile>
    <ClCompile Include="RBenemyManager.cpp">
      <Filter>MainGame\라비리비라비리비\enemy%28rabiribi%29</Filter>
    </ClCompile>
    <ClCompile Include="stage_MAPt.cpp">
      <Filter>MainGame\라비리비라비리비\맵관리</Filter>
    </ClCompile>
    <ClCompile Include="BGManager.cpp">
      <Filter>MainGame\라비리비라비리비\만든매니저</Filter>
    </ClCompile>
    <ClCompile Include="stage1_1_SceneT.cpp">
      <Filter>MainGame\라비리비라비리비\스테이지</Filter>
    </ClCompile>
    <ClCompile Include="stage1_2_SceneT.cpp">
      <Filter>MainGame\라비리비라비리비\스테이지</Filter>
    </ClCompile>
    <ClCompile Include="stage1_3_SceneT.cpp">
      <Filter>MainGame\라비리비라비리비\스테이지</Filter>
    </ClCompile>
    <ClCompile Include="town_SceneT.cpp">
      <Filter>MainGame\라비리비라비리비\스테이지</Filter>
    </ClCompile>
    <ClCompile Include="stage1_Boss_Scene.cpp">
      <Filter>MainGame\라비리비라비리비\스테이지%28보스%29</Filter>
    </ClCompile>
    <ClCompile Include="RBboss.cpp">
      <Filter>MainGame\라비리비라비리비\enemy%28rabiribi%29\boss</Filter>
    </ClCompile>
    <ClCompile Include="UIT.cpp">
      <Filter>MainGame\라비리비라비리비\UI</Filter>
    </ClCompile>
    <ClCompile Include="stage1_clear_Scene.cpp">
      <Filter>MainGame\라비리비라비리비\스테이지</Filter>
    </ClCompile>
    <ClCompile Include="ribbonT.cpp">
      <Filter>MainGame\라비리비라비리비\player%28rabiribi%29</Filter>
    </ClCompile>
    <ClCompile Include="stage2_1_SceneT.cpp">
      <Filter>MainGame\라비리비라비리비\스테이지</Filter>
    </ClCompile>
    <ClCompile Include="stage_FinalBoss_Scene.cpp">
      <Filter>MainGame\라비리비라비리비\스테이지%28보스%29</Filter>
    </ClCompile>
    <ClCompile Include="stage2_clear_Scene.cpp">
      <Filter>MainGame\라비리비라비리비\스테이지</Filter>
    </ClCompile>
    <ClCompile Include="testtttttt.cpp">
      <Filter>소스 파일</Filter>
    </ClCompile>
  </ItemGroup>
  <ItemGroup>
    <ResourceCompile Include="WindowAPI.rc">
      <Filter>GameFramework2D\아이콘이미지</Filter>
    </ResourceCompile>
  </ItemGroup>
  <ItemGroup>
    <Image Include="rabiribi.ico">
      <Filter>GameFramework2D\아이콘이미지</Filter>
    </Image>
  </ItemGroup>
</Project>